{
  "requires": true,
  "lockfileVersion": 1,
  "dependencies": {
    "@babel/runtime": {
      "version": "7.17.9",
      "resolved": "https://registry.npmmirror.com/@babel/runtime/-/runtime-7.17.9.tgz",
      "integrity": "sha512-lSiBBvodq29uShpWGNbgFdKYNiFDo5/HIYsaCEY9ff4sb10x9jizo2+pRrSyF4jKZCXqgzuqBOQKbUm90gQwJg==",
      "requires": {
        "regenerator-runtime": "^0.13.4"
      }
    },
    "@popperjs/core": {
      "version": "2.11.5",
      "resolved": "https://registry.npmmirror.com/@popperjs/core/-/core-2.11.5.tgz",
      "integrity": "sha512-9X2obfABZuDVLCgPK9aX0a/x4jaOEweTTWE2+9sr0Qqqevj2Uv5XorvusThmc9XGYpS9yI+fhh8RTafBtGposw=="
    },
    "@vant/icons": {
      "version": "1.8.0",
      "resolved": "https://registry.npmmirror.com/@vant/icons/-/icons-1.8.0.tgz",
      "integrity": "sha512-sKfEUo2/CkQFuERxvkuF6mGQZDKu3IQdj5rV9Fm0weJXtchDSSQ+zt8qPCNUEhh9Y8shy5PzxbvAfOOkCwlCXg=="
    },
    "@vant/popperjs": {
      "version": "1.1.0",
      "resolved": "https://registry.npmmirror.com/@vant/popperjs/-/popperjs-1.1.0.tgz",
      "integrity": "sha512-8MD1gz146awV/uPxYjz4pet22f7a9YVKqk7T+gFkWFwT9mEcrIUEg/xPrdOnWKLP9puXyYtm7oVfSDSefZ/p/w==",
      "requires": {
        "@popperjs/core": "^2.9.2"
      }
    },
    "@vue/babel-helper-vue-jsx-merge-props": {
      "version": "1.2.1",
      "resolved": "https://registry.npmmirror.com/@vue/babel-helper-vue-jsx-merge-props/-/babel-helper-vue-jsx-merge-props-1.2.1.tgz",
      "integrity": "sha512-QOi5OW45e2R20VygMSNhyQHvpdUwQZqGPc748JLGCYEy+yp8fNFNdbNIGAgZmi9e+2JHPd6i6idRuqivyicIkA=="
    },
    "regenerator-runtime": {
      "version": "0.13.9",
      "resolved": "https://registry.npmmirror.com/regenerator-runtime/-/regenerator-runtime-0.13.9.tgz",
      "integrity": "sha512-p3VT+cOEgxFsRRA9X4lkI1E+k2/CtnKtU4gcxyaCUreilL/vqI6CdZ3wxVUx3UOUg+gnUOQQcRI7BmSI656MYA=="
    },
    "vant": {
      "version": "2.12.47",
      "resolved": "https://registry.npmmirror.com/vant/-/vant-2.12.47.tgz",
      "integrity": "sha512-D9QgxirzWuSJbLqU+TGgXRZ88OTmGDEtwxDrBr2JuLCZyijrYzc5KIrErd4c1MJoZsmYupqydyLqotoBkbQDjQ==",
      "requires": {
        "@babel/runtime": "7.x",
        "@vant/icons": "^1.7.1",
        "@vant/popperjs": "^1.1.0",
        "@vue/babel-helper-vue-jsx-merge-props": "^1.0.0",
        "vue-lazyload": "1.2.3"
      }
    },
    "vue-lazyload": {
      "version": "1.2.3",
      "resolved": "https://registry.npmmirror.com/vue-lazyload/-/vue-lazyload-1.2.3.tgz",
      "integrity": "sha512-DC0ZwxanbRhx79tlA3zY5OYJkH8FYp3WBAnAJbrcuoS8eye1P73rcgAZhyxFSPUluJUTelMB+i/+VkNU/qVm7g=="
    }
  }
}
